
Microsoft Visual Studio Solution File, Format Version 12.00
# Visual Studio Version 17
VisualStudioVersion = 17.6.33801.468
MinimumVisualStudioVersion = 10.0.40219.1
Project("{FAE04EC0-301F-11D3-BF4B-00C04F79EFBC}") = "Zad1-net", "Zad1-net.csproj", "{F41152E7-00E2-47D8-AAB3-9F8EEC7B142E}"
EndProject
Global
	GlobalSection(SolutionConfigurationPlatforms) = preSolution
		Debug|Any CPU = Debug|Any CPU
		Release|Any CPU = Release|Any CPU
	EndGlobalSection
	GlobalSection(ProjectConfigurationPlatforms) = postSolution
		{F41152E7-00E2-47D8-AAB3-9F8EEC7B142E}.Debug|Any CPU.ActiveCfg = Debug|Any CPU
		{F41152E7-00E2-47D8-AAB3-9F8EEC7B142E}.Debug|Any CPU.Build.0 = Debug|Any CPU
		{F41152E7-00E2-47D8-AAB3-9F8EEC7B142E}.Release|Any CPU.ActiveCfg = Release|Any CPU
		{F41152E7-00E2-47D8-AAB3-9F8EEC7B142E}.Release|Any CPU.Build.0 = Release|Any CPU
	EndGlobalSection
	GlobalSection(SolutionProperties) = preSolution
		HideSolutionNode = FALSE
	EndGlobalSection
	GlobalSection(ExtensibilityGlobals) = postSolution
		SolutionGuid = {A8E6B21D-36C9-430D-978E-FDE59937DE73}
	EndGlobalSection
EndGlobal
